{
  "name": "BasketMate",
  "lockfileVersion": 3,
  "requires": true,
  "packages": {
    "": {
      "dependencies": {
        "react-easy-crop": "^5.5.7",
        "react-image-crop": "^11.0.10"
      }
    },
    "node_modules/normalize-wheel": {
      "version": "1.0.1",
      "resolved": "https://registry.npmjs.org/normalize-wheel/-/normalize-wheel-1.0.1.tgz",
      "integrity": "sha512-1OnlAPZ3zgrk8B91HyRj+eVv+kS5u+Z0SCsak6Xil/kmgEia50ga7zfkumayonZrImffAxPU/5WcyGhzetHNPA=="
    },
    "node_modules/react": {
      "version": "19.2.5",
      "license": "MIT",
      "peer": true,
      "engines": {
        "node": ">=0.10.0"
      }
    },
    "node_modules/react-dom": {
      "version": "19.2.5",
      "license": "MIT",
      "peer": true,
      "dependencies": {
        "scheduler": "^0.27.0"
      },
      "peerDependencies": {
        "react": "^19.2.5"
      }
    },
    "node_modules/react-easy-crop": {
      "version": "5.5.7",
      "resolved": "https://registry.npmjs.org/react-easy-crop/-/react-easy-crop-5.5.7.tgz",
      "integrity": "sha512-kYo4NtMeXFQB7h1U+h5yhUkE46WQbQdq7if54uDlbMdZHdRgNehfvaFrXnFw5NR1PNoUOJIfTwLnWmEx/MaZnA==",
      "dependencies": {
        "normalize-wheel": "^1.0.1",
        "tslib": "^2.0.1"
      },
      "peerDependencies": {
        "react": ">=16.4.0",
        "react-dom": ">=16.4.0"
      }
    },
    "node_modules/react-image-crop": {
      "version": "11.0.10",
      "resolved": "https://registry.npmjs.org/react-image-crop/-/react-image-crop-11.0.10.tgz",
      "integrity": "sha512-+5FfDXUgYLLqBh1Y/uQhIycpHCbXkI50a+nbfkB1C0xXXUTwkisHDo2QCB1SQJyHCqIuia4FeyReqXuMDKWQTQ==",
      "peerDependencies": {
        "react": ">=16.13.1"
      }
    },
    "node_modules/scheduler": {
      "version": "0.27.0",
      "license": "MIT",
      "peer": true
    },
    "node_modules/tslib": {
      "version": "2.8.1",
      "license": "0BSD"
    }
  }
}
